// !$*UTF8*$!
{
	archiveVersion = 1;
	classes = {
	};
	objectVersion = 56;
	objects = {

/* Begin PBXBuildFile section */
		9232039E2C4565A7004D7DB1 /* SilderView.swift in Sources */ = {isa = PBXBuildFile; fileRef = 9232039D2C4565A7004D7DB1 /* SilderView.swift */; };
		925581122C3F42A800AA451D /* Pow in Frameworks */ = {isa = PBXBuildFile; productRef = 925581112C3F42A800AA451D /* Pow */; };
		9255E0972C20DFE00094756C /* SwiftUIView.swift in Sources */ = {isa = PBXBuildFile; fileRef = 9255E0962C20DFE00094756C /* SwiftUIView.swift */; };
		927DCA542C3764D3005E0FF6 /* Logo.swift in Sources */ = {isa = PBXBuildFile; fileRef = 927DCA532C3764D3005E0FF6 /* Logo.swift */; };
		92D7870E2C1B512F00166CB3 /* MiniDJApp.swift in Sources */ = {isa = PBXBuildFile; fileRef = 92D7870D2C1B512F00166CB3 /* MiniDJApp.swift */; };
		92D787102C1B512F00166CB3 /* ContentView.swift in Sources */ = {isa = PBXBuildFile; fileRef = 92D7870F2C1B512F00166CB3 /* ContentView.swift */; };
		92D787122C1B513200166CB3 /* Assets.xcassets in Resources */ = {isa = PBXBuildFile; fileRef = 92D787112C1B513200166CB3 /* Assets.xcassets */; };
		92D787152C1B513200166CB3 /* Preview Assets.xcassets in Resources */ = {isa = PBXBuildFile; fileRef = 92D787142C1B513200166CB3 /* Preview Assets.xcassets */; };
		92D7871C2C1B570600166CB3 /* AudioModel.swift in Sources */ = {isa = PBXBuildFile; fileRef = 92D7871B2C1B570600166CB3 /* AudioModel.swift */; };
		92D7871E2C1B575400166CB3 /* AudioViewModel.swift in Sources */ = {isa = PBXBuildFile; fileRef = 92D7871D2C1B575400166CB3 /* AudioViewModel.swift */; };
		92D787212C1B58CC00166CB3 /* CHIHIRO.mp3 in Resources */ = {isa = PBXBuildFile; fileRef = 92D787202C1B58CC00166CB3 /* CHIHIRO.mp3 */; };
		92D787232C1B6D9C00166CB3 /* DocumentPicker.swift in Sources */ = {isa = PBXBuildFile; fileRef = 92D787222C1B6D9C00166CB3 /* DocumentPicker.swift */; };
		92D787252C1B8DC200166CB3 /* TestView.swift in Sources */ = {isa = PBXBuildFile; fileRef = 92D787242C1B8DC200166CB3 /* TestView.swift */; };
		92D787272C1B8FA600166CB3 /* CircularKnob.swift in Sources */ = {isa = PBXBuildFile; fileRef = 92D787262C1B8FA600166CB3 /* CircularKnob.swift */; };
/* End PBXBuildFile section */

/* Begin PBXFileReference section */
		9232039D2C4565A7004D7DB1 /* SilderView.swift */ = {isa = PBXFileReference; lastKnownFileType = sourcecode.swift; path = SilderView.swift; sourceTree = "<group>"; };
		9255E0962C20DFE00094756C /* SwiftUIView.swift */ = {isa = PBXFileReference; lastKnownFileType = sourcecode.swift; path = SwiftUIView.swift; sourceTree = "<group>"; };
		927DCA532C3764D3005E0FF6 /* Logo.swift */ = {isa = PBXFileReference; lastKnownFileType = sourcecode.swift; path = Logo.swift; sourceTree = "<group>"; };
		92D7870A2C1B512F00166CB3 /* Controllers.app */ = {isa = PBXFileReference; explicitFileType = wrapper.application; includeInIndex = 0; path = Controllers.app; sourceTree = BUILT_PRODUCTS_DIR; };
		92D7870D2C1B512F00166CB3 /* MiniDJApp.swift */ = {isa = PBXFileReference; lastKnownFileType = sourcecode.swift; path = MiniDJApp.swift; sourceTree = "<group>"; };
		92D7870F2C1B512F00166CB3 /* ContentView.swift */ = {isa = PBXFileReference; lastKnownFileType = sourcecode.swift; path = ContentView.swift; sourceTree = "<group>"; };
		92D787112C1B513200166CB3 /* Assets.xcassets */ = {isa = PBXFileReference; lastKnownFileType = folder.assetcatalog; path = Assets.xcassets; sourceTree = "<group>"; };
		92D787142C1B513200166CB3 /* Preview Assets.xcassets */ = {isa = PBXFileReference; lastKnownFileType = folder.assetcatalog; path = "Preview Assets.xcassets"; sourceTree = "<group>"; };
		92D7871B2C1B570600166CB3 /* AudioModel.swift */ = {isa = PBXFileReference; lastKnownFileType = sourcecode.swift; path = AudioModel.swift; sourceTree = "<group>"; };
		92D7871D2C1B575400166CB3 /* AudioViewModel.swift */ = {isa = PBXFileReference; lastKnownFileType = sourcecode.swift; path = AudioViewModel.swift; sourceTree = "<group>"; };
		92D787202C1B58CC00166CB3 /* CHIHIRO.mp3 */ = {isa = PBXFileReference; lastKnownFileType = audio.mp3; path = CHIHIRO.mp3; sourceTree = "<group>"; };
		92D787222C1B6D9C00166CB3 /* DocumentPicker.swift */ = {isa = PBXFileReference; lastKnownFileType = sourcecode.swift; path = DocumentPicker.swift; sourceTree = "<group>"; };
		92D787242C1B8DC200166CB3 /* TestView.swift */ = {isa = PBXFileReference; lastKnownFileType = sourcecode.swift; path = TestView.swift; sourceTree = "<group>"; };
		92D787262C1B8FA600166CB3 /* CircularKnob.swift */ = {isa = PBXFileReference; lastKnownFileType = sourcecode.swift; path = CircularKnob.swift; sourceTree = "<group>"; };
		92D787282C1BA2E200166CB3 /* Info.plist */ = {isa = PBXFileReference; lastKnownFileType = text.plist; path = Info.plist; sourceTree = "<group>"; };
/* End PBXFileReference section */

/* Begin PBXFrameworksBuildPhase section */
		92D787072C1B512F00166CB3 /* Frameworks */ = {
			isa = PBXFrameworksBuildPhase;
			buildActionMask = 2147483647;
			files = (
				925581122C3F42A800AA451D /* Pow in Frameworks */,
			);
			runOnlyForDeploymentPostprocessing = 0;
		};
/* End PBXFrameworksBuildPhase section */

/* Begin PBXGroup section */
		92D787012C1B512F00166CB3 = {
			isa = PBXGroup;
			children = (
				92D7870C2C1B512F00166CB3 /* MiniDJ */,
				92D7870B2C1B512F00166CB3 /* Products */,
			);
			sourceTree = "<group>";
		};
		92D7870B2C1B512F00166CB3 /* Products */ = {
			isa = PBXGroup;
			children = (
				92D7870A2C1B512F00166CB3 /* Controllers.app */,
			);
			name = Products;
			sourceTree = "<group>";
		};
		92D7870C2C1B512F00166CB3 /* MiniDJ */ = {
			isa = PBXGroup;
			children = (
				92D787282C1BA2E200166CB3 /* Info.plist */,
				92D7871F2C1B57B200166CB3 /* songs */,
				92D7870D2C1B512F00166CB3 /* MiniDJApp.swift */,
				92D7870F2C1B512F00166CB3 /* ContentView.swift */,
				92D7871B2C1B570600166CB3 /* AudioModel.swift */,
				92D7871D2C1B575400166CB3 /* AudioViewModel.swift */,
				92D787112C1B513200166CB3 /* Assets.xcassets */,
				92D787132C1B513200166CB3 /* Preview Content */,
				92D787222C1B6D9C00166CB3 /* DocumentPicker.swift */,
				92D787242C1B8DC200166CB3 /* TestView.swift */,
				92D787262C1B8FA600166CB3 /* CircularKnob.swift */,
				927DCA532C3764D3005E0FF6 /* Logo.swift */,
				9255E0962C20DFE00094756C /* SwiftUIView.swift */,
				9232039D2C4565A7004D7DB1 /* SilderView.swift */,
			);
			path = MiniDJ;
			sourceTree = "<group>";
		};
		92D787132C1B513200166CB3 /* Preview Content */ = {
			isa = PBXGroup;
			children = (
				92D787142C1B513200166CB3 /* Preview Assets.xcassets */,
			);
			path = "Preview Content";
			sourceTree = "<group>";
		};
		92D7871F2C1B57B200166CB3 /* songs */ = {
			isa = PBXGroup;
			children = (
				92D787202C1B58CC00166CB3 /* CHIHIRO.mp3 */,
			);
			path = songs;
			sourceTree = "<group>";
		};
/* End PBXGroup section */

/* Begin PBXNativeTarget section */
		92D787092C1B512F00166CB3 /* Controllers */ = {
			isa = PBXNativeTarget;
			buildConfigurationList = 92D787182C1B513200166CB3 /* Build configuration list for PBXNativeTarget "Controllers" */;
			buildPhases = (
				92D787062C1B512F00166CB3 /* Sources */,
				92D787072C1B512F00166CB3 /* Frameworks */,
				92D787082C1B512F00166CB3 /* Resources */,
			);
			buildRules = (
			);
			dependencies = (
			);
			name = Controllers;
			packageProductDependencies = (
				925581112C3F42A800AA451D /* Pow */,
			);
			productName = MiniDJ;
			productReference = 92D7870A2C1B512F00166CB3 /* Controllers.app */;
			productType = "com.apple.product-type.application";
		};
/* End PBXNativeTarget section */

/* Begin PBXProject section */
		92D787022C1B512F00166CB3 /* Project object */ = {
			isa = PBXProject;
			attributes = {
				BuildIndependentTargetsInParallel = 1;
				LastSwiftUpdateCheck = 1540;
				LastUpgradeCheck = 1540;
				TargetAttributes = {
					92D787092C1B512F00166CB3 = {
						CreatedOnToolsVersion = 15.4;
					};
				};
			};
			buildConfigurationList = 92D787052C1B512F00166CB3 /* Build configuration list for PBXProject "Controllers" */;
			compatibilityVersion = "Xcode 14.0";
			developmentRegion = en;
			hasScannedForEncodings = 0;
			knownRegions = (
				en,
				Base,
			);
			mainGroup = 92D787012C1B512F00166CB3;
			packageReferences = (
				925581102C3F42A800AA451D /* XCRemoteSwiftPackageReference "Pow" */,
			);
			productRefGroup = 92D7870B2C1B512F00166CB3 /* Products */;
			projectDirPath = "";
			projectRoot = "";
			targets = (
				92D787092C1B512F00166CB3 /* Controllers */,
			);
		};
/* End PBXProject section */

/* Begin PBXResourcesBuildPhase section */
		92D787082C1B512F00166CB3 /* Resources */ = {
			isa = PBXResourcesBuildPhase;
			buildActionMask = 2147483647;
			files = (
				92D787212C1B58CC00166CB3 /* CHIHIRO.mp3 in Resources */,
				92D787152C1B513200166CB3 /* Preview Assets.xcassets in Resources */,
				92D787122C1B513200166CB3 /* Assets.xcassets in Resources */,
			);
			runOnlyForDeploymentPostprocessing = 0;
		};
/* End PBXResourcesBuildPhase section */

/* Begin PBXSourcesBuildPhase section */
		92D787062C1B512F00166CB3 /* Sources */ = {
			isa = PBXSourcesBuildPhase;
			buildActionMask = 2147483647;
			files = (
				92D787252C1B8DC200166CB3 /* TestView.swift in Sources */,
				92D787102C1B512F00166CB3 /* ContentView.swift in Sources */,
				927DCA542C3764D3005E0FF6 /* Logo.swift in Sources */,
				9232039E2C4565A7004D7DB1 /* SilderView.swift in Sources */,
				9255E0972C20DFE00094756C /* SwiftUIView.swift in Sources */,
				92D7871E2C1B575400166CB3 /* AudioViewModel.swift in Sources */,
				92D7870E2C1B512F00166CB3 /* MiniDJApp.swift in Sources */,
				92D787232C1B6D9C00166CB3 /* DocumentPicker.swift in Sources */,
				92D7871C2C1B570600166CB3 /* AudioModel.swift in Sources */,
				92D787272C1B8FA600166CB3 /* CircularKnob.swift in Sources */,
			);
			runOnlyForDeploymentPostprocessing = 0;
		};
/* End PBXSourcesBuildPhase section */

/* Begin XCBuildConfiguration section */
		92D787162C1B513200166CB3 /* Debug */ = {
			isa = XCBuildConfiguration;
			buildSettings = {
				ALWAYS_SEARCH_USER_PATHS = NO;
				ASSETCATALOG_COMPILER_GENERATE_SWIFT_ASSET_SYMBOL_EXTENSIONS = YES;
				CLANG_ANALYZER_NONNULL = YES;
				CLANG_ANALYZER_NUMBER_OBJECT_CONVERSION = YES_AGGRESSIVE;
				CLANG_CXX_LANGUAGE_STANDARD = "gnu++20";
				CLANG_ENABLE_MODULES = YES;
				CLANG_ENABLE_OBJC_ARC = YES;
				CLANG_ENABLE_OBJC_WEAK = YES;
				CLANG_WARN_BLOCK_CAPTURE_AUTORELEASING = YES;
				CLANG_WARN_BOOL_CONVERSION = YES;
				CLANG_WARN_COMMA = YES;
				CLANG_WARN_CONSTANT_CONVERSION = YES;
				CLANG_WARN_DEPRECATED_OBJC_IMPLEMENTATIONS = YES;
				CLANG_WARN_DIRECT_OBJC_ISA_USAGE = YES_ERROR;
				CLANG_WARN_DOCUMENTATION_COMMENTS = YES;
				CLANG_WARN_EMPTY_BODY = YES;
				CLANG_WARN_ENUM_CONVERSION = YES;
				CLANG_WARN_INFINITE_RECURSION = YES;
				CLANG_WARN_INT_CONVERSION = YES;
				CLANG_WARN_NON_LITERAL_NULL_CONVERSION = YES;
				CLANG_WARN_OBJC_IMPLICIT_RETAIN_SELF = YES;
				CLANG_WARN_OBJC_LITERAL_CONVERSION = YES;
				CLANG_WARN_OBJC_ROOT_CLASS = YES_ERROR;
				CLANG_WARN_QUOTED_INCLUDE_IN_FRAMEWORK_HEADER = YES;
				CLANG_WARN_RANGE_LOOP_ANALYSIS = YES;
				CLANG_WARN_STRICT_PROTOTYPES = YES;
				CLANG_WARN_SUSPICIOUS_MOVE = YES;
				CLANG_WARN_UNGUARDED_AVAILABILITY = YES_AGGRESSIVE;
				CLANG_WARN_UNREACHABLE_CODE = YES;
				CLANG_WARN__DUPLICATE_METHOD_MATCH = YES;
				COPY_PHASE_STRIP = NO;
				DEBUG_INFORMATION_FORMAT = dwarf;
				ENABLE_STRICT_OBJC_MSGSEND = YES;
				ENABLE_TESTABILITY = YES;
				ENABLE_USER_SCRIPT_SANDBOXING = YES;
				GCC_C_LANGUAGE_STANDARD = gnu17;
				GCC_DYNAMIC_NO_PIC = NO;
				GCC_NO_COMMON_BLOCKS = YES;
				GCC_OPTIMIZATION_LEVEL = 0;
				GCC_PREPROCESSOR_DEFINITIONS = (
					"DEBUG=1",
					"$(inherited)",
				);
				GCC_WARN_64_TO_32_BIT_CONVERSION = YES;
				GCC_WARN_ABOUT_RETURN_TYPE = YES_ERROR;
				GCC_WARN_UNDECLARED_SELECTOR = YES;
				GCC_WARN_UNINITIALIZED_AUTOS = YES_AGGRESSIVE;
				GCC_WARN_UNUSED_FUNCTION = YES;
				GCC_WARN_UNUSED_VARIABLE = YES;
				IPHONEOS_DEPLOYMENT_TARGET = 17.5;
				LOCALIZATION_PREFERS_STRING_CATALOGS = YES;
				MTL_ENABLE_DEBUG_INFO = INCLUDE_SOURCE;
				MTL_FAST_MATH = YES;
				ONLY_ACTIVE_ARCH = YES;
				SDKROOT = iphoneos;
				SWIFT_ACTIVE_COMPILATION_CONDITIONS = "DEBUG $(inherited)";
				SWIFT_OPTIMIZATION_LEVEL = "-Onone";
			};
			name = Debug;
		};
		92D787172C1B513200166CB3 /* Release */ = {
			isa = XCBuildConfiguration;
			buildSettings = {
				ALWAYS_SEARCH_USER_PATHS = NO;
				ASSETCATALOG_COMPILER_GENERATE_SWIFT_ASSET_SYMBOL_EXTENSIONS = YES;
				CLANG_ANALYZER_NONNULL = YES;
				CLANG_ANALYZER_NUMBER_OBJECT_CONVERSION = YES_AGGRESSIVE;
				CLANG_CXX_LANGUAGE_STANDARD = "gnu++20";
				CLANG_ENABLE_MODULES = YES;
				CLANG_ENABLE_OBJC_ARC = YES;
				CLANG_ENABLE_OBJC_WEAK = YES;
				CLANG_WARN_BLOCK_CAPTURE_AUTORELEASING = YES;
				CLANG_WARN_BOOL_CONVERSION = YES;
				CLANG_WARN_COMMA = YES;
				CLANG_WARN_CONSTANT_CONVERSION = YES;
				CLANG_WARN_DEPRECATED_OBJC_IMPLEMENTATIONS = YES;
				CLANG_WARN_DIRECT_OBJC_ISA_USAGE = YES_ERROR;
				CLANG_WARN_DOCUMENTATION_COMMENTS = YES;
				CLANG_WARN_EMPTY_BODY = YES;
				CLANG_WARN_ENUM_CONVERSION = YES;
				CLANG_WARN_INFINITE_RECURSION = YES;
				CLANG_WARN_INT_CONVERSION = YES;
				CLANG_WARN_NON_LITERAL_NULL_CONVERSION = YES;
				CLANG_WARN_OBJC_IMPLICIT_RETAIN_SELF = YES;
				CLANG_WARN_OBJC_LITERAL_CONVERSION = YES;
				CLANG_WARN_OBJC_ROOT_CLASS = YES_ERROR;
				CLANG_WARN_QUOTED_INCLUDE_IN_FRAMEWORK_HEADER = YES;
				CLANG_WARN_RANGE_LOOP_ANALYSIS = YES;
				CLANG_WARN_STRICT_PROTOTYPES = YES;
				CLANG_WARN_SUSPICIOUS_MOVE = YES;
				CLANG_WARN_UNGUARDED_AVAILABILITY = YES_AGGRESSIVE;
				CLANG_WARN_UNREACHABLE_CODE = YES;
				CLANG_WARN__DUPLICATE_METHOD_MATCH = YES;
				COPY_PHASE_STRIP = NO;
				DEBUG_INFORMATION_FORMAT = "dwarf-with-dsym";
				ENABLE_NS_ASSERTIONS = NO;
				ENABLE_STRICT_OBJC_MSGSEND = YES;
				ENABLE_USER_SCRIPT_SANDBOXING = YES;
				GCC_C_LANGUAGE_STANDARD = gnu17;
				GCC_NO_COMMON_BLOCKS = YES;
				GCC_WARN_64_TO_32_BIT_CONVERSION = YES;
				GCC_WARN_ABOUT_RETURN_TYPE = YES_ERROR;
				GCC_WARN_UNDECLARED_SELECTOR = YES;
				GCC_WARN_UNINITIALIZED_AUTOS = YES_AGGRESSIVE;
				GCC_WARN_UNUSED_FUNCTION = YES;
				GCC_WARN_UNUSED_VARIABLE = YES;
				IPHONEOS_DEPLOYMENT_TARGET = 17.5;
				LOCALIZATION_PREFERS_STRING_CATALOGS = YES;
				MTL_ENABLE_DEBUG_INFO = NO;
				MTL_FAST_MATH = YES;
				SDKROOT = iphoneos;
				SWIFT_COMPILATION_MODE = wholemodule;
				VALIDATE_PRODUCT = YES;
			};
			name = Release;
		};
		92D787192C1B513200166CB3 /* Debug */ = {
			isa = XCBuildConfiguration;
			buildSettings = {
				ASSETCATALOG_COMPILER_APPICON_NAME = AppIcon;
				ASSETCATALOG_COMPILER_GLOBAL_ACCENT_COLOR_NAME = AccentColor;
				CODE_SIGN_STYLE = Automatic;
				CURRENT_PROJECT_VERSION = 1;
				DEVELOPMENT_ASSET_PATHS = "\"MiniDJ/Preview Content\"";
				DEVELOPMENT_TEAM = ZT829445M9;
				ENABLE_PREVIEWS = YES;
				GENERATE_INFOPLIST_FILE = YES;
				INFOPLIST_FILE = MiniDJ/Info.plist;
				INFOPLIST_KEY_CFBundleDisplayName = "Controllers ";
				INFOPLIST_KEY_LSSupportsOpeningDocumentsInPlace = YES;
				INFOPLIST_KEY_NSAppleMusicUsageDescription = "Allow access to your music library to play audio files.";
				INFOPLIST_KEY_NSFileProviderPresenceUsageDescription = "Used to select a song";
				INFOPLIST_KEY_UIApplicationSceneManifest_Generation = YES;
				INFOPLIST_KEY_UIApplicationSupportsIndirectInputEvents = YES;
				INFOPLIST_KEY_UILaunchScreen_Generation = YES;
				INFOPLIST_KEY_UISupportedInterfaceOrientations_iPad = "UIInterfaceOrientationPortrait UIInterfaceOrientationPortraitUpsideDown UIInterfaceOrientationLandscapeLeft UIInterfaceOrientationLandscapeRight";
				INFOPLIST_KEY_UISupportedInterfaceOrientations_iPhone = "UIInterfaceOrientationPortrait UIInterfaceOrientationLandscapeLeft UIInterfaceOrientationLandscapeRight";
				LD_RUNPATH_SEARCH_PATHS = (
					"$(inherited)",
					"@executable_path/Frameworks",
				);
				MARKETING_VERSION = 1.0;
				PRODUCT_BUNDLE_IDENTIFIER = com.YuriPetrosyan.MiniDJ;
				PRODUCT_NAME = "$(TARGET_NAME)";
				SWIFT_EMIT_LOC_STRINGS = YES;
				SWIFT_VERSION = 5.0;
				TARGETED_DEVICE_FAMILY = "1,2";
			};
			name = Debug;
		};
		92D7871A2C1B513200166CB3 /* Release */ = {
			isa = XCBuildConfiguration;
			buildSettings = {
				ASSETCATALOG_COMPILER_APPICON_NAME = AppIcon;
				ASSETCATALOG_COMPILER_GLOBAL_ACCENT_COLOR_NAME = AccentColor;
				CODE_SIGN_STYLE = Automatic;
				CURRENT_PROJECT_VERSION = 1;
				DEVELOPMENT_ASSET_PATHS = "\"MiniDJ/Preview Content\"";
				DEVELOPMENT_TEAM = ZT829445M9;
				ENABLE_PREVIEWS = YES;
				GENERATE_INFOPLIST_FILE = YES;
				INFOPLIST_FILE = MiniDJ/Info.plist;
				INFOPLIST_KEY_CFBundleDisplayName = "Controllers ";
				INFOPLIST_KEY_LSSupportsOpeningDocumentsInPlace = YES;
				INFOPLIST_KEY_NSAppleMusicUsageDescription = "Allow access to your music library to play audio files.";
				INFOPLIST_KEY_NSFileProviderPresenceUsageDescription = "Used to select a song";
				INFOPLIST_KEY_UIApplicationSceneManifest_Generation = YES;
				INFOPLIST_KEY_UIApplicationSupportsIndirectInputEvents = YES;
				INFOPLIST_KEY_UILaunchScreen_Generation = YES;
				INFOPLIST_KEY_UISupportedInterfaceOrientations_iPad = "UIInterfaceOrientationPortrait UIInterfaceOrientationPortraitUpsideDown UIInterfaceOrientationLandscapeLeft UIInterfaceOrientationLandscapeRight";
				INFOPLIST_KEY_UISupportedInterfaceOrientations_iPhone = "UIInterfaceOrientationPortrait UIInterfaceOrientationLandscapeLeft UIInterfaceOrientationLandscapeRight";
				LD_RUNPATH_SEARCH_PATHS = (
					"$(inherited)",
					"@executable_path/Frameworks",
				);
				MARKETING_VERSION = 1.0;
				PRODUCT_BUNDLE_IDENTIFIER = com.YuriPetrosyan.MiniDJ;
				PRODUCT_NAME = "$(TARGET_NAME)";
				SWIFT_EMIT_LOC_STRINGS = YES;
				SWIFT_VERSION = 5.0;
				TARGETED_DEVICE_FAMILY = "1,2";
			};
			name = Release;
		};
/* End XCBuildConfiguration section */

/* Begin XCConfigurationList section */
		92D787052C1B512F00166CB3 /* Build configuration list for PBXProject "Controllers" */ = {
			isa = XCConfigurationList;
			buildConfigurations = (
				92D787162C1B513200166CB3 /* Debug */,
				92D787172C1B513200166CB3 /* Release */,
			);
			defaultConfigurationIsVisible = 0;
			defaultConfigurationName = Release;
		};
		92D787182C1B513200166CB3 /* Build configuration list for PBXNativeTarget "Controllers" */ = {
			isa = XCConfigurationList;
			buildConfigurations = (
				92D787192C1B513200166CB3 /* Debug */,
				92D7871A2C1B513200166CB3 /* Release */,
			);
			defaultConfigurationIsVisible = 0;
			defaultConfigurationName = Release;
		};
/* End XCConfigurationList section */

/* Begin XCRemoteSwiftPackageReference section */
		925581102C3F42A800AA451D /* XCRemoteSwiftPackageReference "Pow" */ = {
			isa = XCRemoteSwiftPackageReference;
			repositoryURL = "https://github.com/EmergeTools/Pow?tab=readme-ov-file";
			requirement = {
				kind = upToNextMajorVersion;
				minimumVersion = 1.0.4;
			};
		};
/* End XCRemoteSwiftPackageReference section */

/* Begin XCSwiftPackageProductDependency section */
		925581112C3F42A800AA451D /* Pow */ = {
			isa = XCSwiftPackageProductDependency;
			package = 925581102C3F42A800AA451D /* XCRemoteSwiftPackageReference "Pow" */;
			productName = Pow;
		};
/* End XCSwiftPackageProductDependency section */
	};
	rootObject = 92D787022C1B512F00166CB3 /* Project object */;
}
