{
  "originHash" : "6d3a0fd659fa16d6c0f8294e1d640b50b9feb685358730777b001e8a57193dca",
  "pins" : [
    {
      "identity" : "betterslider",
      "kind" : "remoteSourceControl",
      "location" : "https://github.com/lukepistrol/BetterSlider.git",
      "state" : {
        "revision" : "7fdbae81176ef2190f83ea78d79182769e2ca144",
        "version" : "0.1.1"
      }
    },
    {
      "identity" : "pow?tab=readme-ov-file",
      "kind" : "remoteSourceControl",
      "location" : "https://github.com/EmergeTools/Pow?tab=readme-ov-file",
      "state" : {
        "revision" : "f0d0f3e72d42beaf2b01f1cb798e1b55902814eb",
        "version" : "1.0.4"
      }
    }
  ],
  "version" : 3
}
